// !$*UTF8*$!
{
	archiveVersion = 1;
	classes = {
	};
	objectVersion = 77;
	objects = {

/* Begin PBXBuildFile section */
		05695C79EAF7466F1DD8E193 /* Keychain.swift in Sources */ = {isa = PBXBuildFile; fileRef = C039C29EAE21317A36124B97 /* Keychain.swift */; };
		0E712D29AEBB805E91B6B2DD /* Assets.xcassets in Resources */ = {isa = PBXBuildFile; fileRef = E06642EB9EBCC7A2EB4587E6 /* Assets.xcassets */; };
		25D7A7FCD078371A17EE9D93 /* ClusterListView.swift in Sources */ = {isa = PBXBuildFile; fileRef = F4F253BB0F6070BEEF2B6D1D /* ClusterListView.swift */; };
		35FE9A9B8704AF36FE56A192 /* AuthStore.swift in Sources */ = {isa = PBXBuildFile; fileRef = 0DB0C19BCA3A434C61FE1811 /* AuthStore.swift */; };
		3A02E5E5C9416A4E9574DEC5 /* App.swift in Sources */ = {isa = PBXBuildFile; fileRef = DA57D33A6F6187D062428EFA /* App.swift */; };
		531E25EE16F8C323056081EC /* ClusterDetailView.swift in Sources */ = {isa = PBXBuildFile; fileRef = 7BF0C19203DCE4274E9C980F /* ClusterDetailView.swift */; };
		682BE1B6ACA80D77A5A08A2E /* APIClient.swift in Sources */ = {isa = PBXBuildFile; fileRef = BB12C8EF022065CF022427A4 /* APIClient.swift */; };
		9CF221DA1FBBEA14DD415229 /* LoginView.swift in Sources */ = {isa = PBXBuildFile; fileRef = 91C5DEF534172F94552C1FF6 /* LoginView.swift */; };
		A6550D9D27E3BB4CDF935330 /* ShareSheet.swift in Sources */ = {isa = PBXBuildFile; fileRef = B1A07F2D8E97183FF09CBA5B /* ShareSheet.swift */; };
		B895669704EEB86BC35FCB54 /* Color+Hex.swift in Sources */ = {isa = PBXBuildFile; fileRef = 02CE54900495B9C95DEEA5DF /* Color+Hex.swift */; };
		BC2579699148E262FAEE0201 /* CognitoAuth.swift in Sources */ = {isa = PBXBuildFile; fileRef = DB07FE943A385A3942B23F65 /* CognitoAuth.swift */; };
		C7246589B430FBCEBE73413D /* ClusterStore.swift in Sources */ = {isa = PBXBuildFile; fileRef = B0CFDA80086170DC99495FF7 /* ClusterStore.swift */; };
		F0E6909CE4C545258336EF14 /* Models.swift in Sources */ = {isa = PBXBuildFile; fileRef = BFE752E425656A0F3CD03683 /* Models.swift */; };
		F62F7AD8CD1F4EF353456BBE /* CreateClusterSheet.swift in Sources */ = {isa = PBXBuildFile; fileRef = 68A4A56825BF5E193E59BA03 /* CreateClusterSheet.swift */; };
/* End PBXBuildFile section */

/* Begin PBXFileReference section */
		02CE54900495B9C95DEEA5DF /* Color+Hex.swift */ = {isa = PBXFileReference; lastKnownFileType = sourcecode.swift; path = "Color+Hex.swift"; sourceTree = "<group>"; };
		0DB0C19BCA3A434C61FE1811 /* AuthStore.swift */ = {isa = PBXFileReference; lastKnownFileType = sourcecode.swift; path = AuthStore.swift; sourceTree = "<group>"; };
		68A4A56825BF5E193E59BA03 /* CreateClusterSheet.swift */ = {isa = PBXFileReference; lastKnownFileType = sourcecode.swift; path = CreateClusterSheet.swift; sourceTree = "<group>"; };
		7BF0C19203DCE4274E9C980F /* ClusterDetailView.swift */ = {isa = PBXFileReference; lastKnownFileType = sourcecode.swift; path = ClusterDetailView.swift; sourceTree = "<group>"; };
		91C5DEF534172F94552C1FF6 /* LoginView.swift */ = {isa = PBXFileReference; lastKnownFileType = sourcecode.swift; path = LoginView.swift; sourceTree = "<group>"; };
		92CFCEC1D7C1EB893478F973 /* OrbisX.app */ = {isa = PBXFileReference; includeInIndex = 0; lastKnownFileType = wrapper.application; path = OrbisX.app; sourceTree = BUILT_PRODUCTS_DIR; };
		B0CFDA80086170DC99495FF7 /* ClusterStore.swift */ = {isa = PBXFileReference; lastKnownFileType = sourcecode.swift; path = ClusterStore.swift; sourceTree = "<group>"; };
		B1A07F2D8E97183FF09CBA5B /* ShareSheet.swift */ = {isa = PBXFileReference; lastKnownFileType = sourcecode.swift; path = ShareSheet.swift; sourceTree = "<group>"; };
		BB12C8EF022065CF022427A4 /* APIClient.swift */ = {isa = PBXFileReference; lastKnownFileType = sourcecode.swift; path = APIClient.swift; sourceTree = "<group>"; };
		BFE752E425656A0F3CD03683 /* Models.swift */ = {isa = PBXFileReference; lastKnownFileType = sourcecode.swift; path = Models.swift; sourceTree = "<group>"; };
		C039C29EAE21317A36124B97 /* Keychain.swift */ = {isa = PBXFileReference; lastKnownFileType = sourcecode.swift; path = Keychain.swift; sourceTree = "<group>"; };
		DA57D33A6F6187D062428EFA /* App.swift */ = {isa = PBXFileReference; lastKnownFileType = sourcecode.swift; path = App.swift; sourceTree = "<group>"; };
		DB07FE943A385A3942B23F65 /* CognitoAuth.swift */ = {isa = PBXFileReference; lastKnownFileType = sourcecode.swift; path = CognitoAuth.swift; sourceTree = "<group>"; };
		E06642EB9EBCC7A2EB4587E6 /* Assets.xcassets */ = {isa = PBXFileReference; lastKnownFileType = folder.assetcatalog; path = Assets.xcassets; sourceTree = "<group>"; };
		F4F253BB0F6070BEEF2B6D1D /* ClusterListView.swift */ = {isa = PBXFileReference; lastKnownFileType = sourcecode.swift; path = ClusterListView.swift; sourceTree = "<group>"; };
/* End PBXFileReference section */

/* Begin PBXGroup section */
		64EFA6D9B3E908F6F89AE801 /* Products */ = {
			isa = PBXGroup;
			children = (
				92CFCEC1D7C1EB893478F973 /* OrbisX.app */,
			);
			name = Products;
			sourceTree = "<group>";
		};
		6BDE70DE68CB9E3FB88921B8 = {
			isa = PBXGroup;
			children = (
				D8B8460DD2FB6BACC1D75175 /* Sources */,
				64EFA6D9B3E908F6F89AE801 /* Products */,
			);
			sourceTree = "<group>";
		};
		7B81117484A97AB48025DCF0 /* Clusters */ = {
			isa = PBXGroup;
			children = (
				7BF0C19203DCE4274E9C980F /* ClusterDetailView.swift */,
				F4F253BB0F6070BEEF2B6D1D /* ClusterListView.swift */,
				B0CFDA80086170DC99495FF7 /* ClusterStore.swift */,
				68A4A56825BF5E193E59BA03 /* CreateClusterSheet.swift */,
			);
			path = Clusters;
			sourceTree = "<group>";
		};
		8FFA07F2DC60034C7BA86244 /* Features */ = {
			isa = PBXGroup;
			children = (
				A56C3B9BA17C12229017ACCE /* Auth */,
				7B81117484A97AB48025DCF0 /* Clusters */,
			);
			path = Features;
			sourceTree = "<group>";
		};
		A56C3B9BA17C12229017ACCE /* Auth */ = {
			isa = PBXGroup;
			children = (
				0DB0C19BCA3A434C61FE1811 /* AuthStore.swift */,
				91C5DEF534172F94552C1FF6 /* LoginView.swift */,
			);
			path = Auth;
			sourceTree = "<group>";
		};
		AE3C8E15CEB131FDF1AD5CF7 /* Utilities */ = {
			isa = PBXGroup;
			children = (
				02CE54900495B9C95DEEA5DF /* Color+Hex.swift */,
				C039C29EAE21317A36124B97 /* Keychain.swift */,
				B1A07F2D8E97183FF09CBA5B /* ShareSheet.swift */,
			);
			path = Utilities;
			sourceTree = "<group>";
		};
		BCBAA67094DFCFF1E633C0F3 /* Network */ = {
			isa = PBXGroup;
			children = (
				BB12C8EF022065CF022427A4 /* APIClient.swift */,
				DB07FE943A385A3942B23F65 /* CognitoAuth.swift */,
				BFE752E425656A0F3CD03683 /* Models.swift */,
			);
			path = Network;
			sourceTree = "<group>";
		};
		D8B8460DD2FB6BACC1D75175 /* Sources */ = {
			isa = PBXGroup;
			children = (
				DC242397F925D9E959134779 /* OrbisX */,
			);
			path = Sources;
			sourceTree = "<group>";
		};
		DC242397F925D9E959134779 /* OrbisX */ = {
			isa = PBXGroup;
			children = (
				DA57D33A6F6187D062428EFA /* App.swift */,
				E06642EB9EBCC7A2EB4587E6 /* Assets.xcassets */,
				8FFA07F2DC60034C7BA86244 /* Features */,
				BCBAA67094DFCFF1E633C0F3 /* Network */,
				AE3C8E15CEB131FDF1AD5CF7 /* Utilities */,
			);
			path = OrbisX;
			sourceTree = "<group>";
		};
/* End PBXGroup section */

/* Begin PBXNativeTarget section */
		E95AA44B5AC72F01FB87D85F /* OrbisX */ = {
			isa = PBXNativeTarget;
			buildConfigurationList = 429FB8B299EA4F1B7389E457 /* Build configuration list for PBXNativeTarget "OrbisX" */;
			buildPhases = (
				5125DA2BBE4F0B038F3E1B61 /* Sources */,
				E101C9F135DD1CE0C7159B88 /* Resources */,
			);
			buildRules = (
			);
			dependencies = (
			);
			name = OrbisX;
			packageProductDependencies = (
			);
			productName = OrbisX;
			productReference = 92CFCEC1D7C1EB893478F973 /* OrbisX.app */;
			productType = "com.apple.product-type.application";
		};
/* End PBXNativeTarget section */

/* Begin PBXProject section */
		FF5296678DF00C1C9D20759F /* Project object */ = {
			isa = PBXProject;
			attributes = {
				BuildIndependentTargetsInParallel = YES;
				LastUpgradeCheck = 1430;
				TargetAttributes = {
					E95AA44B5AC72F01FB87D85F = {
						DevelopmentTeam = 58Z296VH22;
						ProvisioningStyle = Automatic;
					};
				};
			};
			buildConfigurationList = 051179B21D10F95AD4100C97 /* Build configuration list for PBXProject "OrbisX" */;
			developmentRegion = en;
			hasScannedForEncodings = 0;
			knownRegions = (
				Base,
				en,
			);
			mainGroup = 6BDE70DE68CB9E3FB88921B8;
			minimizedProjectReferenceProxies = 1;
			preferredProjectObjectVersion = 77;
			productRefGroup = 64EFA6D9B3E908F6F89AE801 /* Products */;
			projectDirPath = "";
			projectRoot = "";
			targets = (
				E95AA44B5AC72F01FB87D85F /* OrbisX */,
			);
		};
/* End PBXProject section */

/* Begin PBXResourcesBuildPhase section */
		E101C9F135DD1CE0C7159B88 /* Resources */ = {
			isa = PBXResourcesBuildPhase;
			buildActionMask = 2147483647;
			files = (
				0E712D29AEBB805E91B6B2DD /* Assets.xcassets in Resources */,
			);
			runOnlyForDeploymentPostprocessing = 0;
		};
/* End PBXResourcesBuildPhase section */

/* Begin PBXSourcesBuildPhase section */
		5125DA2BBE4F0B038F3E1B61 /* Sources */ = {
			isa = PBXSourcesBuildPhase;
			buildActionMask = 2147483647;
			files = (
				682BE1B6ACA80D77A5A08A2E /* APIClient.swift in Sources */,
				3A02E5E5C9416A4E9574DEC5 /* App.swift in Sources */,
				35FE9A9B8704AF36FE56A192 /* AuthStore.swift in Sources */,
				531E25EE16F8C323056081EC /* ClusterDetailView.swift in Sources */,
				25D7A7FCD078371A17EE9D93 /* ClusterListView.swift in Sources */,
				C7246589B430FBCEBE73413D /* ClusterStore.swift in Sources */,
				BC2579699148E262FAEE0201 /* CognitoAuth.swift in Sources */,
				B895669704EEB86BC35FCB54 /* Color+Hex.swift in Sources */,
				F62F7AD8CD1F4EF353456BBE /* CreateClusterSheet.swift in Sources */,
				05695C79EAF7466F1DD8E193 /* Keychain.swift in Sources */,
				9CF221DA1FBBEA14DD415229 /* LoginView.swift in Sources */,
				F0E6909CE4C545258336EF14 /* Models.swift in Sources */,
				A6550D9D27E3BB4CDF935330 /* ShareSheet.swift in Sources */,
			);
			runOnlyForDeploymentPostprocessing = 0;
		};
/* End PBXSourcesBuildPhase section */

/* Begin XCBuildConfiguration section */
		6ED9FB357C19F918F55EBFBF /* Release */ = {
			isa = XCBuildConfiguration;
			buildSettings = {
				ALWAYS_SEARCH_USER_PATHS = NO;
				CLANG_ANALYZER_NONNULL = YES;
				CLANG_ANALYZER_NUMBER_OBJECT_CONVERSION = YES_AGGRESSIVE;
				CLANG_CXX_LANGUAGE_STANDARD = "gnu++14";
				CLANG_CXX_LIBRARY = "libc++";
				CLANG_ENABLE_MODULES = YES;
				CLANG_ENABLE_OBJC_ARC = YES;
				CLANG_ENABLE_OBJC_WEAK = YES;
				CLANG_WARN_BLOCK_CAPTURE_AUTORELEASING = YES;
				CLANG_WARN_BOOL_CONVERSION = YES;
				CLANG_WARN_COMMA = YES;
				CLANG_WARN_CONSTANT_CONVERSION = YES;
				CLANG_WARN_DEPRECATED_OBJC_IMPLEMENTATIONS = YES;
				CLANG_WARN_DIRECT_OBJC_ISA_USAGE = YES_ERROR;
				CLANG_WARN_DOCUMENTATION_COMMENTS = YES;
				CLANG_WARN_EMPTY_BODY = YES;
				CLANG_WARN_ENUM_CONVERSION = YES;
				CLANG_WARN_INFINITE_RECURSION = YES;
				CLANG_WARN_INT_CONVERSION = YES;
				CLANG_WARN_NON_LITERAL_NULL_CONVERSION = YES;
				CLANG_WARN_OBJC_IMPLICIT_RETAIN_SELF = YES;
				CLANG_WARN_OBJC_LITERAL_CONVERSION = YES;
				CLANG_WARN_OBJC_ROOT_CLASS = YES_ERROR;
				CLANG_WARN_QUOTED_INCLUDE_IN_FRAMEWORK_HEADER = YES;
				CLANG_WARN_RANGE_LOOP_ANALYSIS = YES;
				CLANG_WARN_STRICT_PROTOTYPES = YES;
				CLANG_WARN_SUSPICIOUS_MOVE = YES;
				CLANG_WARN_UNGUARDED_AVAILABILITY = YES_AGGRESSIVE;
				CLANG_WARN_UNREACHABLE_CODE = YES;
				CLANG_WARN__DUPLICATE_METHOD_MATCH = YES;
				CODE_SIGN_STYLE = Automatic;
				COPY_PHASE_STRIP = NO;
				CURRENT_PROJECT_VERSION = 1;
				DEBUG_INFORMATION_FORMAT = "dwarf-with-dsym";
				DEVELOPMENT_TEAM = 58Z296VH22;
				ENABLE_NS_ASSERTIONS = NO;
				ENABLE_STRICT_OBJC_MSGSEND = YES;
				GCC_C_LANGUAGE_STANDARD = gnu11;
				GCC_NO_COMMON_BLOCKS = YES;
				GCC_WARN_64_TO_32_BIT_CONVERSION = YES;
				GCC_WARN_ABOUT_RETURN_TYPE = YES_ERROR;
				GCC_WARN_UNDECLARED_SELECTOR = YES;
				GCC_WARN_UNINITIALIZED_AUTOS = YES_AGGRESSIVE;
				GCC_WARN_UNUSED_FUNCTION = YES;
				GCC_WARN_UNUSED_VARIABLE = YES;
				IPHONEOS_DEPLOYMENT_TARGET = 17.0;
				MARKETING_VERSION = 0.2.0;
				MTL_ENABLE_DEBUG_INFO = NO;
				MTL_FAST_MATH = YES;
				PRODUCT_NAME = "$(TARGET_NAME)";
				SDKROOT = iphoneos;
				SWIFT_COMPILATION_MODE = wholemodule;
				SWIFT_OPTIMIZATION_LEVEL = "-O";
				SWIFT_VERSION = 5.10;
			};
			name = Release;
		};
		A8E8DAE97F9266B13949D9EC /* Debug */ = {
			isa = XCBuildConfiguration;
			buildSettings = {
				ASSETCATALOG_COMPILER_APPICON_NAME = AppIcon;
				CODE_SIGN_IDENTITY = "iPhone Developer";
				ENABLE_PREVIEWS = YES;
				GENERATE_INFOPLIST_FILE = YES;
				INFOPLIST_KEY_CFBundleDisplayName = OrbisX;
				INFOPLIST_KEY_ITSAppUsesNonExemptEncryption = NO;
				INFOPLIST_KEY_UIApplicationSceneManifest_Generation = YES;
				INFOPLIST_KEY_UILaunchScreen_Generation = YES;
				INFOPLIST_KEY_UISupportedInterfaceOrientations = UIInterfaceOrientationPortrait;
				LD_RUNPATH_SEARCH_PATHS = (
					"$(inherited)",
					"@executable_path/Frameworks",
				);
				PRODUCT_BUNDLE_IDENTIFIER = dk.holmstadit.orbisx;
				SDKROOT = iphoneos;
				TARGETED_DEVICE_FAMILY = 1;
			};
			name = Debug;
		};
		CEE93BBF33E2198FC9F69839 /* Release */ = {
			isa = XCBuildConfiguration;
			buildSettings = {
				ASSETCATALOG_COMPILER_APPICON_NAME = AppIcon;
				CODE_SIGN_IDENTITY = "iPhone Developer";
				ENABLE_PREVIEWS = YES;
				GENERATE_INFOPLIST_FILE = YES;
				INFOPLIST_KEY_CFBundleDisplayName = OrbisX;
				INFOPLIST_KEY_ITSAppUsesNonExemptEncryption = NO;
				INFOPLIST_KEY_UIApplicationSceneManifest_Generation = YES;
				INFOPLIST_KEY_UILaunchScreen_Generation = YES;
				INFOPLIST_KEY_UISupportedInterfaceOrientations = UIInterfaceOrientationPortrait;
				LD_RUNPATH_SEARCH_PATHS = (
					"$(inherited)",
					"@executable_path/Frameworks",
				);
				PRODUCT_BUNDLE_IDENTIFIER = dk.holmstadit.orbisx;
				SDKROOT = iphoneos;
				TARGETED_DEVICE_FAMILY = 1;
			};
			name = Release;
		};
		DA7DB756D7E3CD3F70399457 /* Debug */ = {
			isa = XCBuildConfiguration;
			buildSettings = {
				ALWAYS_SEARCH_USER_PATHS = NO;
				CLANG_ANALYZER_NONNULL = YES;
				CLANG_ANALYZER_NUMBER_OBJECT_CONVERSION = YES_AGGRESSIVE;
				CLANG_CXX_LANGUAGE_STANDARD = "gnu++14";
				CLANG_CXX_LIBRARY = "libc++";
				CLANG_ENABLE_MODULES = YES;
				CLANG_ENABLE_OBJC_ARC = YES;
				CLANG_ENABLE_OBJC_WEAK = YES;
				CLANG_WARN_BLOCK_CAPTURE_AUTORELEASING = YES;
				CLANG_WARN_BOOL_CONVERSION = YES;
				CLANG_WARN_COMMA = YES;
				CLANG_WARN_CONSTANT_CONVERSION = YES;
				CLANG_WARN_DEPRECATED_OBJC_IMPLEMENTATIONS = YES;
				CLANG_WARN_DIRECT_OBJC_ISA_USAGE = YES_ERROR;
				CLANG_WARN_DOCUMENTATION_COMMENTS = YES;
				CLANG_WARN_EMPTY_BODY = YES;
				CLANG_WARN_ENUM_CONVERSION = YES;
				CLANG_WARN_INFINITE_RECURSION = YES;
				CLANG_WARN_INT_CONVERSION = YES;
				CLANG_WARN_NON_LITERAL_NULL_CONVERSION = YES;
				CLANG_WARN_OBJC_IMPLICIT_RETAIN_SELF = YES;
				CLANG_WARN_OBJC_LITERAL_CONVERSION = YES;
				CLANG_WARN_OBJC_ROOT_CLASS = YES_ERROR;
				CLANG_WARN_QUOTED_INCLUDE_IN_FRAMEWORK_HEADER = YES;
				CLANG_WARN_RANGE_LOOP_ANALYSIS = YES;
				CLANG_WARN_STRICT_PROTOTYPES = YES;
				CLANG_WARN_SUSPICIOUS_MOVE = YES;
				CLANG_WARN_UNGUARDED_AVAILABILITY = YES_AGGRESSIVE;
				CLANG_WARN_UNREACHABLE_CODE = YES;
				CLANG_WARN__DUPLICATE_METHOD_MATCH = YES;
				CODE_SIGN_STYLE = Automatic;
				COPY_PHASE_STRIP = NO;
				CURRENT_PROJECT_VERSION = 1;
				DEBUG_INFORMATION_FORMAT = dwarf;
				DEVELOPMENT_TEAM = 58Z296VH22;
				ENABLE_STRICT_OBJC_MSGSEND = YES;
				ENABLE_TESTABILITY = YES;
				GCC_C_LANGUAGE_STANDARD = gnu11;
				GCC_DYNAMIC_NO_PIC = NO;
				GCC_NO_COMMON_BLOCKS = YES;
				GCC_OPTIMIZATION_LEVEL = 0;
				GCC_PREPROCESSOR_DEFINITIONS = (
					"$(inherited)",
					"DEBUG=1",
				);
				GCC_WARN_64_TO_32_BIT_CONVERSION = YES;
				GCC_WARN_ABOUT_RETURN_TYPE = YES_ERROR;
				GCC_WARN_UNDECLARED_SELECTOR = YES;
				GCC_WARN_UNINITIALIZED_AUTOS = YES_AGGRESSIVE;
				GCC_WARN_UNUSED_FUNCTION = YES;
				GCC_WARN_UNUSED_VARIABLE = YES;
				IPHONEOS_DEPLOYMENT_TARGET = 17.0;
				MARKETING_VERSION = 0.2.0;
				MTL_ENABLE_DEBUG_INFO = INCLUDE_SOURCE;
				MTL_FAST_MATH = YES;
				ONLY_ACTIVE_ARCH = YES;
				PRODUCT_NAME = "$(TARGET_NAME)";
				SDKROOT = iphoneos;
				SWIFT_ACTIVE_COMPILATION_CONDITIONS = DEBUG;
				SWIFT_OPTIMIZATION_LEVEL = "-Onone";
				SWIFT_VERSION = 5.10;
			};
			name = Debug;
		};
/* End XCBuildConfiguration section */

/* Begin XCConfigurationList section */
		051179B21D10F95AD4100C97 /* Build configuration list for PBXProject "OrbisX" */ = {
			isa = XCConfigurationList;
			buildConfigurations = (
				DA7DB756D7E3CD3F70399457 /* Debug */,
				6ED9FB357C19F918F55EBFBF /* Release */,
			);
			defaultConfigurationIsVisible = 0;
			defaultConfigurationName = Debug;
		};
		429FB8B299EA4F1B7389E457 /* Build configuration list for PBXNativeTarget "OrbisX" */ = {
			isa = XCConfigurationList;
			buildConfigurations = (
				A8E8DAE97F9266B13949D9EC /* Debug */,
				CEE93BBF33E2198FC9F69839 /* Release */,
			);
			defaultConfigurationIsVisible = 0;
			defaultConfigurationName = Debug;
		};
/* End XCConfigurationList section */
	};
	rootObject = FF5296678DF00C1C9D20759F /* Project object */;
}
